
Microsoft Visual Studio Solution File, Format Version 12.00
# Visual Studio 2013
VisualStudioVersion = 12.0.30723.0
MinimumVisualStudioVersion = 10.0.40219.1
Project("{8BC9CEB8-8B4A-11D0-8D11-00A0C91BC942}") = "Component", "Main\Main.vcxproj", "{DBB517DE-C1DA-4CE2-9B72-520E92C6267D}"
EndProject
Project("{8BC9CEB8-8B4A-11D0-8D11-00A0C91BC942}") = "Client", "Client\Client.vcxproj", "{AADA44BF-B698-4D6D-9ABC-1C105FA50D2E}"
	ProjectSection(ProjectDependencies) = postProject
		{DBB517DE-C1DA-4CE2-9B72-520E92C6267D} = {DBB517DE-C1DA-4CE2-9B72-520E92C6267D}
	EndProjectSection
EndProject
Global
	GlobalSection(SolutionConfigurationPlatforms) = preSolution
		Debug|Win32 = Debug|Win32
		Release|Win32 = Release|Win32
	EndGlobalSection
	GlobalSection(ProjectConfigurationPlatforms) = postSolution
		{DBB517DE-C1DA-4CE2-9B72-520E92C6267D}.Debug|Win32.ActiveCfg = Debug|Win32
		{DBB517DE-C1DA-4CE2-9B72-520E92C6267D}.Debug|Win32.Build.0 = Debug|Win32
		{DBB517DE-C1DA-4CE2-9B72-520E92C6267D}.Release|Win32.ActiveCfg = Release|Win32
		{DBB517DE-C1DA-4CE2-9B72-520E92C6267D}.Release|Win32.Build.0 = Release|Win32
		{AADA44BF-B698-4D6D-9ABC-1C105FA50D2E}.Debug|Win32.ActiveCfg = Debug|Win32
		{AADA44BF-B698-4D6D-9ABC-1C105FA50D2E}.Debug|Win32.Build.0 = Debug|Win32
		{AADA44BF-B698-4D6D-9ABC-1C105FA50D2E}.Release|Win32.ActiveCfg = Release|Win32
		{AADA44BF-B698-4D6D-9ABC-1C105FA50D2E}.Release|Win32.Build.0 = Release|Win32
	EndGlobalSection
	GlobalSection(SolutionProperties) = preSolution
		HideSolutionNode = FALSE
	EndGlobalSection
EndGlobal
